
Microsoft Visual Studio Solution File, Format Version 12.00
# Visual Studio Version 16
VisualStudioVersion = 16.0.30309.148
MinimumVisualStudioVersion = 10.0.40219.1
Project("{8BC9CEB8-8B4A-11D0-8D11-00A0C91BC942}") = "GitC", "GitC\GitC.vcxproj", "{B864B935-32D8-421F-A43A-012288FC2C90}"
EndProject
Global
	GlobalSection(SolutionConfigurationPlatforms) = preSolution
		Debug|x64 = Debug|x64
		Debug|x86 = Debug|x86
		Release|x64 = Release|x64
		Release|x86 = Release|x86
	EndGlobalSection
	GlobalSection(ProjectConfigurationPlatforms) = postSolution
		{B864B935-32D8-421F-A43A-012288FC2C90}.Debug|x64.ActiveCfg = Debug|x64
		{B864B935-32D8-421F-A43A-012288FC2C90}.Debug|x64.Build.0 = Debug|x64
		{B864B935-32D8-421F-A43A-012288FC2C90}.Debug|x86.ActiveCfg = Debug|Win32
		{B864B935-32D8-421F-A43A-012288FC2C90}.Debug|x86.Build.0 = Debug|Win32
		{B864B935-32D8-421F-A43A-012288FC2C90}.Release|x64.ActiveCfg = Release|x64
		{B864B935-32D8-421F-A43A-012288FC2C90}.Release|x64.Build.0 = Release|x64
		{B864B935-32D8-421F-A43A-012288FC2C90}.Release|x86.ActiveCfg = Release|Win32
		{B864B935-32D8-421F-A43A-012288FC2C90}.Release|x86.Build.0 = Release|Win32
	EndGlobalSection
	GlobalSection(SolutionProperties) = preSolution
		HideSolutionNode = FALSE
	EndGlobalSection
	GlobalSection(ExtensibilityGlobals) = postSolution
		SolutionGuid = {13505F14-C61F-48FA-B08D-8F15D6586100}
	EndGlobalSection
EndGlobal
